
Microsoft Visual Studio Solution File, Format Version 12.00
# Visual Studio Version 17
VisualStudioVersion = 17.4.33205.214
MinimumVisualStudioVersion = 10.0.40219.1
Project("{FAE04EC0-301F-11D3-BF4B-00C04F79EFBC}") = "UrnaEletronica", "UrnaEletronica\UrnaEletronica.csproj", "{5BD14D0C-7165-4845-ACD7-7ED942D5F5C9}"
EndProject
Project("{2150E333-8FDC-42A3-9474-1A3956D46DE8}") = "Itens de Solução", "Itens de Solução", "{93A14A85-E0FF-4C9D-A95E-CC39B6DE67E8}"
EndProject
Global
	GlobalSection(SolutionConfigurationPlatforms) = preSolution
		Debug|Any CPU = Debug|Any CPU
		Release|Any CPU = Release|Any CPU
	EndGlobalSection
	GlobalSection(ProjectConfigurationPlatforms) = postSolution
		{5BD14D0C-7165-4845-ACD7-7ED942D5F5C9}.Debug|Any CPU.ActiveCfg = Debug|Any CPU
		{5BD14D0C-7165-4845-ACD7-7ED942D5F5C9}.Debug|Any CPU.Build.0 = Debug|Any CPU
		{5BD14D0C-7165-4845-ACD7-7ED942D5F5C9}.Release|Any CPU.ActiveCfg = Release|Any CPU
		{5BD14D0C-7165-4845-ACD7-7ED942D5F5C9}.Release|Any CPU.Build.0 = Release|Any CPU
	EndGlobalSection
	GlobalSection(SolutionProperties) = preSolution
		HideSolutionNode = FALSE
	EndGlobalSection
	GlobalSection(ExtensibilityGlobals) = postSolution
		SolutionGuid = {A92AB606-E714-4792-B758-C94FBB918991}
	EndGlobalSection
EndGlobal
